<?xml version="1.0" encoding="utf-8"?>
<Project ToolsVersion="4.0" xmlns="http://schemas.microsoft.com/developer/msbuild/2003">
  <ItemGroup>
    <Filter Include="Graphics">
      <UniqueIdentifier>{0b85cda1-6f7d-4438-95b2-55b0cc66e6a6}</UniqueIdentifier>
    </Filter>
    <Filter Include="Graphics\Shell">
      <UniqueIdentifier>{ec1422a2-cf0a-40a6-ba6e-8d156ef23bf2}</UniqueIdentifier>
    </Filter>
    <Filter Include="Graphics\Shell\Windows">
      <UniqueIdentifier>{87c26ed6-a3d4-489a-a747-c51e755a61ee}</UniqueIdentifier>
    </Filter>
    <Filter Include="World">
      <UniqueIdentifier>{ddae7d45-2d9e-4883-9518-857fa5f6a896}</UniqueIdentifier>
    </Filter>
  </ItemGroup>
  <ItemGroup>
    <ClCompile Include="Shell\PVRShell.cpp">
      <Filter>Graphics\Shell</Filter>
    </ClCompile>
    <ClCompile Include="Shell\OS\Windows\PVRShellOS.cpp">
      <Filter>Graphics\Shell\Windows</Filter>
    </ClCompile>
    <ClCompile Include="Shell\PVRShellAPI.cpp">
      <Filter>Graphics\Shell</Filter>
    </ClCompile>
    <ClCompile Include="main.cpp" />
    <ClCompile Include="Shell\PVRTgles2Ext.cpp">
      <Filter>Graphics\Shell</Filter>
    </ClCompile>
    <ClCompile Include="World\GroundInfo.cpp">
      <Filter>World</Filter>
    </ClCompile>
    <ClCompile Include="Input.cpp" />
    <ClCompile Include="Graphics\TextureManager.cpp">
      <Filter>Graphics</Filter>
    </ClCompile>
    <ClCompile Include="CameraController.cpp" />
    <ClCompile Include="FileSystem.cpp" />
    <ClCompile Include="Graphics\Texture.cpp">
      <Filter>Graphics</Filter>
    </ClCompile>
    <ClCompile Include="Graphics\Camera.cpp">
      <Filter>Graphics</Filter>
    </ClCompile>
    <ClCompile Include="Resource.cpp" />
    <ClCompile Include="GravityResourceFile.cpp" />
    <ClCompile Include="DES.cpp" />
  </ItemGroup>
  <ItemGroup>
    <ClInclude Include="Shell\PVRShell.h">
      <Filter>Graphics\Shell</Filter>
    </ClInclude>
    <ClInclude Include="Shell\PVRShellImpl.h">
      <Filter>Graphics\Shell</Filter>
    </ClInclude>
    <ClInclude Include="Shell\OS\Windows\PVRShellOS.h">
      <Filter>Graphics\Shell\Windows</Filter>
    </ClInclude>
    <ClInclude Include="Shell\PVRShellAPI.h">
      <Filter>Graphics\Shell</Filter>
    </ClInclude>
    <ClInclude Include="Shell\PVRTgles2Ext.h">
      <Filter>Graphics\Shell</Filter>
    </ClInclude>
    <ClInclude Include="Shell\PVRTContext.h">
      <Filter>Graphics\Shell</Filter>
    </ClInclude>
    <ClInclude Include="World\GroundInfo.hpp">
      <Filter>World</Filter>
    </ClInclude>
    <ClInclude Include="Input.hpp" />
    <ClInclude Include="Graphics\TextureManager.hpp">
      <Filter>Graphics</Filter>
    </ClInclude>
    <ClInclude Include="CameraController.hpp" />
    <ClInclude Include="Math.hpp" />
    <ClInclude Include="FileSystem.hpp" />
    <ClInclude Include="Resource.hpp" />
    <ClInclude Include="Graphics\Texture.hpp">
      <Filter>Graphics</Filter>
    </ClInclude>
    <ClInclude Include="Graphics\Camera.hpp">
      <Filter>Graphics</Filter>
    </ClInclude>
    <ClInclude Include="GravityResourceFile.hpp" />
    <ClInclude Include="DES.hpp" />
  </ItemGroup>
  <ItemGroup>
    <None Include="PVRShellChanges.txt" />
    <None Include="old_code.txt" />
  </ItemGroup>
</Project>